// !$*UTF8*$!
{
	archiveVersion = 1;
	classes = {
	};
	objectVersion = 55;
	objects = {

/* Begin PBXBuildFile section */
		0014D0BE27D5D3B900886B58 /* ProfileHeaderView.swift in Sources */ = {isa = PBXBuildFile; fileRef = 0014D0BD27D5D3B900886B58 /* ProfileHeaderView.swift */; };
		001BDCD227C2720400502454 /* AppDelegate.swift in Sources */ = {isa = PBXBuildFile; fileRef = 001BDCD127C2720400502454 /* AppDelegate.swift */; };
		001BDCD427C2720400502454 /* SceneDelegate.swift in Sources */ = {isa = PBXBuildFile; fileRef = 001BDCD327C2720400502454 /* SceneDelegate.swift */; };
		001BDCD627C2720400502454 /* ViewController.swift in Sources */ = {isa = PBXBuildFile; fileRef = 001BDCD527C2720400502454 /* ViewController.swift */; };
		001BDCDB27C2720400502454 /* Assets.xcassets in Resources */ = {isa = PBXBuildFile; fileRef = 001BDCDA27C2720400502454 /* Assets.xcassets */; };
		001BDCDE27C2720400502454 /* LaunchScreen.storyboard in Resources */ = {isa = PBXBuildFile; fileRef = 001BDCDC27C2720400502454 /* LaunchScreen.storyboard */; };
		001BDCE827C278F200502454 /* mario_logo.png in Resources */ = {isa = PBXBuildFile; fileRef = 001BDCE727C278F200502454 /* mario_logo.png */; };
		001BDCEC27C279FE00502454 /* FeedViewController.swift in Sources */ = {isa = PBXBuildFile; fileRef = 001BDCEB27C279FE00502454 /* FeedViewController.swift */; };
		001BDCEE27C27A2800502454 /* ProfileViewController.swift in Sources */ = {isa = PBXBuildFile; fileRef = 001BDCED27C27A2800502454 /* ProfileViewController.swift */; };
		00553C2B27C383B400C1D9EC /* InfoViewController.swift in Sources */ = {isa = PBXBuildFile; fileRef = 00553C2A27C383B300C1D9EC /* InfoViewController.swift */; };
		00708B3027C28E75007AD3B5 /* PostViewController.swift in Sources */ = {isa = PBXBuildFile; fileRef = 00708B2F27C28E75007AD3B5 /* PostViewController.swift */; };
		008232EB27C2A5C900413D26 /* TabBarController.swift in Sources */ = {isa = PBXBuildFile; fileRef = 008232EA27C2A5C900413D26 /* TabBarController.swift */; };
/* End PBXBuildFile section */

/* Begin PBXFileReference section */
		0014D0BD27D5D3B900886B58 /* ProfileHeaderView.swift */ = {isa = PBXFileReference; lastKnownFileType = sourcecode.swift; path = ProfileHeaderView.swift; sourceTree = "<group>"; };
		001BDCCE27C2720400502454 /* Navigation.app */ = {isa = PBXFileReference; explicitFileType = wrapper.application; includeInIndex = 0; path = Navigation.app; sourceTree = BUILT_PRODUCTS_DIR; };
		001BDCD127C2720400502454 /* AppDelegate.swift */ = {isa = PBXFileReference; lastKnownFileType = sourcecode.swift; path = AppDelegate.swift; sourceTree = "<group>"; };
		001BDCD327C2720400502454 /* SceneDelegate.swift */ = {isa = PBXFileReference; lastKnownFileType = sourcecode.swift; path = SceneDelegate.swift; sourceTree = "<group>"; };
		001BDCD527C2720400502454 /* ViewController.swift */ = {isa = PBXFileReference; lastKnownFileType = sourcecode.swift; path = ViewController.swift; sourceTree = "<group>"; };
		001BDCDA27C2720400502454 /* Assets.xcassets */ = {isa = PBXFileReference; lastKnownFileType = folder.assetcatalog; path = Assets.xcassets; sourceTree = "<group>"; };
		001BDCDD27C2720400502454 /* Base */ = {isa = PBXFileReference; lastKnownFileType = file.storyboard; name = Base; path = Base.lproj/LaunchScreen.storyboard; sourceTree = "<group>"; };
		001BDCDF27C2720400502454 /* Info.plist */ = {isa = PBXFileReference; lastKnownFileType = text.plist.xml; path = Info.plist; sourceTree = "<group>"; };
		001BDCE727C278F200502454 /* mario_logo.png */ = {isa = PBXFileReference; lastKnownFileType = image.png; path = mario_logo.png; sourceTree = "<group>"; };
		001BDCEB27C279FE00502454 /* FeedViewController.swift */ = {isa = PBXFileReference; lastKnownFileType = sourcecode.swift; path = FeedViewController.swift; sourceTree = "<group>"; };
		001BDCED27C27A2800502454 /* ProfileViewController.swift */ = {isa = PBXFileReference; lastKnownFileType = sourcecode.swift; path = ProfileViewController.swift; sourceTree = "<group>"; };
		00553C2A27C383B300C1D9EC /* InfoViewController.swift */ = {isa = PBXFileReference; lastKnownFileType = sourcecode.swift; path = InfoViewController.swift; sourceTree = "<group>"; };
		00708B2F27C28E75007AD3B5 /* PostViewController.swift */ = {isa = PBXFileReference; lastKnownFileType = sourcecode.swift; path = PostViewController.swift; sourceTree = "<group>"; };
		008232EA27C2A5C900413D26 /* TabBarController.swift */ = {isa = PBXFileReference; lastKnownFileType = sourcecode.swift; path = TabBarController.swift; sourceTree = "<group>"; };
/* End PBXFileReference section */

/* Begin PBXFrameworksBuildPhase section */
		001BDCCB27C2720400502454 /* Frameworks */ = {
			isa = PBXFrameworksBuildPhase;
			buildActionMask = 2147483647;
			files = (
			);
			runOnlyForDeploymentPostprocessing = 0;
		};
/* End PBXFrameworksBuildPhase section */

/* Begin PBXGroup section */
		0014D0BA27D5D23300886B58 /* Tab Bar */ = {
			isa = PBXGroup;
			children = (
				008232EA27C2A5C900413D26 /* TabBarController.swift */,
			);
			path = "Tab Bar";
			sourceTree = "<group>";
		};
		0014D0BB27D5D2A300886B58 /* Лента новостей */ = {
			isa = PBXGroup;
			children = (
				001BDCEB27C279FE00502454 /* FeedViewController.swift */,
				00553C2A27C383B300C1D9EC /* InfoViewController.swift */,
				00708B2F27C28E75007AD3B5 /* PostViewController.swift */,
			);
			name = "Лента новостей";
			path = "Лента новостей";
			sourceTree = "<group>";
		};
		0014D0BC27D5D2D100886B58 /* Профиль */ = {
			isa = PBXGroup;
			children = (
				001BDCED27C27A2800502454 /* ProfileViewController.swift */,
				0014D0BD27D5D3B900886B58 /* ProfileHeaderView.swift */,
			);
			path = "Профиль";
			sourceTree = "<group>";
		};
		001BDCC527C2720400502454 = {
			isa = PBXGroup;
			children = (
				001BDCD027C2720400502454 /* Navigation */,
				001BDCCF27C2720400502454 /* Products */,
			);
			sourceTree = "<group>";
		};
		001BDCCF27C2720400502454 /* Products */ = {
			isa = PBXGroup;
			children = (
				001BDCCE27C2720400502454 /* Navigation.app */,
			);
			name = Products;
			sourceTree = "<group>";
		};
		001BDCD027C2720400502454 /* Navigation */ = {
			isa = PBXGroup;
			children = (
				001BDCD127C2720400502454 /* AppDelegate.swift */,
				001BDCD327C2720400502454 /* SceneDelegate.swift */,
				001BDCD527C2720400502454 /* ViewController.swift */,
				001BDCDA27C2720400502454 /* Assets.xcassets */,
				0014D0BA27D5D23300886B58 /* Tab Bar */,
				0014D0BB27D5D2A300886B58 /* Лента новостей */,
				0014D0BC27D5D2D100886B58 /* Профиль */,
				001BDCDC27C2720400502454 /* LaunchScreen.storyboard */,
				001BDCDF27C2720400502454 /* Info.plist */,
				001BDCE727C278F200502454 /* mario_logo.png */,
			);
			path = Navigation;
			sourceTree = "<group>";
		};
/* End PBXGroup section */

/* Begin PBXNativeTarget section */
		001BDCCD27C2720400502454 /* Navigation */ = {
			isa = PBXNativeTarget;
			buildConfigurationList = 001BDCE227C2720400502454 /* Build configuration list for PBXNativeTarget "Navigation" */;
			buildPhases = (
				001BDCCA27C2720400502454 /* Sources */,
				001BDCCB27C2720400502454 /* Frameworks */,
				001BDCCC27C2720400502454 /* Resources */,
			);
			buildRules = (
			);
			dependencies = (
			);
			name = Navigation;
			productName = Navigation;
			productReference = 001BDCCE27C2720400502454 /* Navigation.app */;
			productType = "com.apple.product-type.application";
		};
/* End PBXNativeTarget section */

/* Begin PBXProject section */
		001BDCC627C2720400502454 /* Project object */ = {
			isa = PBXProject;
			attributes = {
				BuildIndependentTargetsInParallel = 1;
				LastSwiftUpdateCheck = 1320;
				LastUpgradeCheck = 1320;
				TargetAttributes = {
					001BDCCD27C2720400502454 = {
						CreatedOnToolsVersion = 13.2.1;
					};
				};
			};
			buildConfigurationList = 001BDCC927C2720400502454 /* Build configuration list for PBXProject "Navigation" */;
			compatibilityVersion = "Xcode 13.0";
			developmentRegion = en;
			hasScannedForEncodings = 0;
			knownRegions = (
				en,
				Base,
			);
			mainGroup = 001BDCC527C2720400502454;
			productRefGroup = 001BDCCF27C2720400502454 /* Products */;
			projectDirPath = "";
			projectRoot = "";
			targets = (
				001BDCCD27C2720400502454 /* Navigation */,
			);
		};
/* End PBXProject section */

/* Begin PBXResourcesBuildPhase section */
		001BDCCC27C2720400502454 /* Resources */ = {
			isa = PBXResourcesBuildPhase;
			buildActionMask = 2147483647;
			files = (
				001BDCE827C278F200502454 /* mario_logo.png in Resources */,
				001BDCDE27C2720400502454 /* LaunchScreen.storyboard in Resources */,
				001BDCDB27C2720400502454 /* Assets.xcassets in Resources */,
			);
			runOnlyForDeploymentPostprocessing = 0;
		};
/* End PBXResourcesBuildPhase section */

/* Begin PBXSourcesBuildPhase section */
		001BDCCA27C2720400502454 /* Sources */ = {
			isa = PBXSourcesBuildPhase;
			buildActionMask = 2147483647;
			files = (
				00708B3027C28E75007AD3B5 /* PostViewController.swift in Sources */,
				001BDCD627C2720400502454 /* ViewController.swift in Sources */,
				001BDCD227C2720400502454 /* AppDelegate.swift in Sources */,
				001BDCEE27C27A2800502454 /* ProfileViewController.swift in Sources */,
				0014D0BE27D5D3B900886B58 /* ProfileHeaderView.swift in Sources */,
				008232EB27C2A5C900413D26 /* TabBarController.swift in Sources */,
				001BDCEC27C279FE00502454 /* FeedViewController.swift in Sources */,
				00553C2B27C383B400C1D9EC /* InfoViewController.swift in Sources */,
				001BDCD427C2720400502454 /* SceneDelegate.swift in Sources */,
			);
			runOnlyForDeploymentPostprocessing = 0;
		};
/* End PBXSourcesBuildPhase section */

/* Begin PBXVariantGroup section */
		001BDCDC27C2720400502454 /* LaunchScreen.storyboard */ = {
			isa = PBXVariantGroup;
			children = (
				001BDCDD27C2720400502454 /* Base */,
			);
			name = LaunchScreen.storyboard;
			sourceTree = "<group>";
		};
/* End PBXVariantGroup section */

/* Begin XCBuildConfiguration section */
		001BDCE027C2720400502454 /* Debug */ = {
			isa = XCBuildConfiguration;
			buildSettings = {
				ALWAYS_SEARCH_USER_PATHS = NO;
				CLANG_ANALYZER_NONNULL = YES;
				CLANG_ANALYZER_NUMBER_OBJECT_CONVERSION = YES_AGGRESSIVE;
				CLANG_CXX_LANGUAGE_STANDARD = "gnu++17";
				CLANG_CXX_LIBRARY = "libc++";
				CLANG_ENABLE_MODULES = YES;
				CLANG_ENABLE_OBJC_ARC = YES;
				CLANG_ENABLE_OBJC_WEAK = YES;
				CLANG_WARN_BLOCK_CAPTURE_AUTORELEASING = YES;
				CLANG_WARN_BOOL_CONVERSION = YES;
				CLANG_WARN_COMMA = YES;
				CLANG_WARN_CONSTANT_CONVERSION = YES;
				CLANG_WARN_DEPRECATED_OBJC_IMPLEMENTATIONS = YES;
				CLANG_WARN_DIRECT_OBJC_ISA_USAGE = YES_ERROR;
				CLANG_WARN_DOCUMENTATION_COMMENTS = YES;
				CLANG_WARN_EMPTY_BODY = YES;
				CLANG_WARN_ENUM_CONVERSION = YES;
				CLANG_WARN_INFINITE_RECURSION = YES;
				CLANG_WARN_INT_CONVERSION = YES;
				CLANG_WARN_NON_LITERAL_NULL_CONVERSION = YES;
				CLANG_WARN_OBJC_IMPLICIT_RETAIN_SELF = YES;
				CLANG_WARN_OBJC_LITERAL_CONVERSION = YES;
				CLANG_WARN_OBJC_ROOT_CLASS = YES_ERROR;
				CLANG_WARN_QUOTED_INCLUDE_IN_FRAMEWORK_HEADER = YES;
				CLANG_WARN_RANGE_LOOP_ANALYSIS = YES;
				CLANG_WARN_STRICT_PROTOTYPES = YES;
				CLANG_WARN_SUSPICIOUS_MOVE = YES;
				CLANG_WARN_UNGUARDED_AVAILABILITY = YES_AGGRESSIVE;
				CLANG_WARN_UNREACHABLE_CODE = YES;
				CLANG_WARN__DUPLICATE_METHOD_MATCH = YES;
				COPY_PHASE_STRIP = NO;
				DEBUG_INFORMATION_FORMAT = dwarf;
				ENABLE_STRICT_OBJC_MSGSEND = YES;
				ENABLE_TESTABILITY = YES;
				GCC_C_LANGUAGE_STANDARD = gnu11;
				GCC_DYNAMIC_NO_PIC = NO;
				GCC_NO_COMMON_BLOCKS = YES;
				GCC_OPTIMIZATION_LEVEL = 0;
				GCC_PREPROCESSOR_DEFINITIONS = (
					"DEBUG=1",
					"$(inherited)",
				);
				GCC_WARN_64_TO_32_BIT_CONVERSION = YES;
				GCC_WARN_ABOUT_RETURN_TYPE = YES_ERROR;
				GCC_WARN_UNDECLARED_SELECTOR = YES;
				GCC_WARN_UNINITIALIZED_AUTOS = YES_AGGRESSIVE;
				GCC_WARN_UNUSED_FUNCTION = YES;
				GCC_WARN_UNUSED_VARIABLE = YES;
				IPHONEOS_DEPLOYMENT_TARGET = 15.2;
				MTL_ENABLE_DEBUG_INFO = INCLUDE_SOURCE;
				MTL_FAST_MATH = YES;
				ONLY_ACTIVE_ARCH = YES;
				SDKROOT = iphoneos;
				SWIFT_ACTIVE_COMPILATION_CONDITIONS = DEBUG;
				SWIFT_OPTIMIZATION_LEVEL = "-Onone";
			};
			name = Debug;
		};
		001BDCE127C2720400502454 /* Release */ = {
			isa = XCBuildConfiguration;
			buildSettings = {
				ALWAYS_SEARCH_USER_PATHS = NO;
				CLANG_ANALYZER_NONNULL = YES;
				CLANG_ANALYZER_NUMBER_OBJECT_CONVERSION = YES_AGGRESSIVE;
				CLANG_CXX_LANGUAGE_STANDARD = "gnu++17";
				CLANG_CXX_LIBRARY = "libc++";
				CLANG_ENABLE_MODULES = YES;
				CLANG_ENABLE_OBJC_ARC = YES;
				CLANG_ENABLE_OBJC_WEAK = YES;
				CLANG_WARN_BLOCK_CAPTURE_AUTORELEASING = YES;
				CLANG_WARN_BOOL_CONVERSION = YES;
				CLANG_WARN_COMMA = YES;
				CLANG_WARN_CONSTANT_CONVERSION = YES;
				CLANG_WARN_DEPRECATED_OBJC_IMPLEMENTATIONS = YES;
				CLANG_WARN_DIRECT_OBJC_ISA_USAGE = YES_ERROR;
				CLANG_WARN_DOCUMENTATION_COMMENTS = YES;
				CLANG_WARN_EMPTY_BODY = YES;
				CLANG_WARN_ENUM_CONVERSION = YES;
				CLANG_WARN_INFINITE_RECURSION = YES;
				CLANG_WARN_INT_CONVERSION = YES;
				CLANG_WARN_NON_LITERAL_NULL_CONVERSION = YES;
				CLANG_WARN_OBJC_IMPLICIT_RETAIN_SELF = YES;
				CLANG_WARN_OBJC_LITERAL_CONVERSION = YES;
				CLANG_WARN_OBJC_ROOT_CLASS = YES_ERROR;
				CLANG_WARN_QUOTED_INCLUDE_IN_FRAMEWORK_HEADER = YES;
				CLANG_WARN_RANGE_LOOP_ANALYSIS = YES;
				CLANG_WARN_STRICT_PROTOTYPES = YES;
				CLANG_WARN_SUSPICIOUS_MOVE = YES;
				CLANG_WARN_UNGUARDED_AVAILABILITY = YES_AGGRESSIVE;
				CLANG_WARN_UNREACHABLE_CODE = YES;
				CLANG_WARN__DUPLICATE_METHOD_MATCH = YES;
				COPY_PHASE_STRIP = NO;
				DEBUG_INFORMATION_FORMAT = "dwarf-with-dsym";
				ENABLE_NS_ASSERTIONS = NO;
				ENABLE_STRICT_OBJC_MSGSEND = YES;
				GCC_C_LANGUAGE_STANDARD = gnu11;
				GCC_NO_COMMON_BLOCKS = YES;
				GCC_WARN_64_TO_32_BIT_CONVERSION = YES;
				GCC_WARN_ABOUT_RETURN_TYPE = YES_ERROR;
				GCC_WARN_UNDECLARED_SELECTOR = YES;
				GCC_WARN_UNINITIALIZED_AUTOS = YES_AGGRESSIVE;
				GCC_WARN_UNUSED_FUNCTION = YES;
				GCC_WARN_UNUSED_VARIABLE = YES;
				IPHONEOS_DEPLOYMENT_TARGET = 15.2;
				MTL_ENABLE_DEBUG_INFO = NO;
				MTL_FAST_MATH = YES;
				SDKROOT = iphoneos;
				SWIFT_COMPILATION_MODE = wholemodule;
				SWIFT_OPTIMIZATION_LEVEL = "-O";
				VALIDATE_PRODUCT = YES;
			};
			name = Release;
		};
		001BDCE327C2720400502454 /* Debug */ = {
			isa = XCBuildConfiguration;
			buildSettings = {
				ASSETCATALOG_COMPILER_APPICON_NAME = AppIcon;
				ASSETCATALOG_COMPILER_GLOBAL_ACCENT_COLOR_NAME = AccentColor;
				CODE_SIGN_STYLE = Automatic;
				CURRENT_PROJECT_VERSION = 1;
				GENERATE_INFOPLIST_FILE = YES;
				INFOPLIST_FILE = Navigation/Info.plist;
				INFOPLIST_KEY_UIApplicationSupportsIndirectInputEvents = YES;
				INFOPLIST_KEY_UILaunchStoryboardName = LaunchScreen;
				INFOPLIST_KEY_UISupportedInterfaceOrientations_iPad = "UIInterfaceOrientationPortrait UIInterfaceOrientationPortraitUpsideDown UIInterfaceOrientationLandscapeLeft UIInterfaceOrientationLandscapeRight";
				INFOPLIST_KEY_UISupportedInterfaceOrientations_iPhone = "UIInterfaceOrientationPortrait UIInterfaceOrientationLandscapeLeft UIInterfaceOrientationLandscapeRight";
				LD_RUNPATH_SEARCH_PATHS = (
					"$(inherited)",
					"@executable_path/Frameworks",
				);
				MARKETING_VERSION = 1.0;
				PRODUCT_BUNDLE_IDENTIFIER = "Ilya-Lekhov.Navigation";
				PRODUCT_NAME = "$(TARGET_NAME)";
				SWIFT_EMIT_LOC_STRINGS = YES;
				SWIFT_VERSION = 5.0;
				TARGETED_DEVICE_FAMILY = "1,2";
			};
			name = Debug;
		};
		001BDCE427C2720400502454 /* Release */ = {
			isa = XCBuildConfiguration;
			buildSettings = {
				ASSETCATALOG_COMPILER_APPICON_NAME = AppIcon;
				ASSETCATALOG_COMPILER_GLOBAL_ACCENT_COLOR_NAME = AccentColor;
				CODE_SIGN_STYLE = Automatic;
				CURRENT_PROJECT_VERSION = 1;
				GENERATE_INFOPLIST_FILE = YES;
				INFOPLIST_FILE = Navigation/Info.plist;
				INFOPLIST_KEY_UIApplicationSupportsIndirectInputEvents = YES;
				INFOPLIST_KEY_UILaunchStoryboardName = LaunchScreen;
				INFOPLIST_KEY_UISupportedInterfaceOrientations_iPad = "UIInterfaceOrientationPortrait UIInterfaceOrientationPortraitUpsideDown UIInterfaceOrientationLandscapeLeft UIInterfaceOrientationLandscapeRight";
				INFOPLIST_KEY_UISupportedInterfaceOrientations_iPhone = "UIInterfaceOrientationPortrait UIInterfaceOrientationLandscapeLeft UIInterfaceOrientationLandscapeRight";
				LD_RUNPATH_SEARCH_PATHS = (
					"$(inherited)",
					"@executable_path/Frameworks",
				);
				MARKETING_VERSION = 1.0;
				PRODUCT_BUNDLE_IDENTIFIER = "Ilya-Lekhov.Navigation";
				PRODUCT_NAME = "$(TARGET_NAME)";
				SWIFT_EMIT_LOC_STRINGS = YES;
				SWIFT_VERSION = 5.0;
				TARGETED_DEVICE_FAMILY = "1,2";
			};
			name = Release;
		};
/* End XCBuildConfiguration section */

/* Begin XCConfigurationList section */
		001BDCC927C2720400502454 /* Build configuration list for PBXProject "Navigation" */ = {
			isa = XCConfigurationList;
			buildConfigurations = (
				001BDCE027C2720400502454 /* Debug */,
				001BDCE127C2720400502454 /* Release */,
			);
			defaultConfigurationIsVisible = 0;
			defaultConfigurationName = Release;
		};
		001BDCE227C2720400502454 /* Build configuration list for PBXNativeTarget "Navigation" */ = {
			isa = XCConfigurationList;
			buildConfigurations = (
				001BDCE327C2720400502454 /* Debug */,
				001BDCE427C2720400502454 /* Release */,
			);
			defaultConfigurationIsVisible = 0;
			defaultConfigurationName = Release;
		};
/* End XCConfigurationList section */
	};
	rootObject = 001BDCC627C2720400502454 /* Project object */;
}
