// !$*UTF8*$!
{
	archiveVersion = 1;
	classes = {
	};
	objectVersion = 55;
	objects = {

/* Begin PBXBuildFile section */
		00E7D07027C010E200BB9215 /* AppDelegate.swift in Sources */ = {isa = PBXBuildFile; fileRef = 00E7D06F27C010E200BB9215 /* AppDelegate.swift */; };
		00E7D07227C010E200BB9215 /* SceneDelegate.swift in Sources */ = {isa = PBXBuildFile; fileRef = 00E7D07127C010E200BB9215 /* SceneDelegate.swift */; };
		00E7D07427C010E200BB9215 /* ViewController.swift in Sources */ = {isa = PBXBuildFile; fileRef = 00E7D07327C010E200BB9215 /* ViewController.swift */; };
		00E7D07727C010E200BB9215 /* Main.storyboard in Resources */ = {isa = PBXBuildFile; fileRef = 00E7D07527C010E200BB9215 /* Main.storyboard */; };
		00E7D07927C010E300BB9215 /* Assets.xcassets in Resources */ = {isa = PBXBuildFile; fileRef = 00E7D07827C010E300BB9215 /* Assets.xcassets */; };
		00E7D07C27C010E300BB9215 /* LaunchScreen.storyboard in Resources */ = {isa = PBXBuildFile; fileRef = 00E7D07A27C010E300BB9215 /* LaunchScreen.storyboard */; };
		00E7D08427C0115400BB9215 /* ProfileView.xib in Resources */ = {isa = PBXBuildFile; fileRef = 00E7D08327C0115400BB9215 /* ProfileView.xib */; };
		00E7D08627C0126E00BB9215 /* ProfileView.swift in Sources */ = {isa = PBXBuildFile; fileRef = 00E7D08527C0126E00BB9215 /* ProfileView.swift */; };
		00E7D08827C012E100BB9215 /* png-clipart-super-mario-bros-mario-kart-8-toad-mario-bros-game-angle.png in Resources */ = {isa = PBXBuildFile; fileRef = 00E7D08727C012E100BB9215 /* png-clipart-super-mario-bros-mario-kart-8-toad-mario-bros-game-angle.png */; };
		00E7D08A27C0130E00BB9215 /* Profile.storyboard in Resources */ = {isa = PBXBuildFile; fileRef = 00E7D08927C0130E00BB9215 /* Profile.storyboard */; };
		00E7D08C27C0132500BB9215 /* ProfileViewController.swift in Sources */ = {isa = PBXBuildFile; fileRef = 00E7D08B27C0132500BB9215 /* ProfileViewController.swift */; };
/* End PBXBuildFile section */

/* Begin PBXFileReference section */
		00E7D06C27C010E200BB9215 /* Netology_IB_Instrument.app */ = {isa = PBXFileReference; explicitFileType = wrapper.application; includeInIndex = 0; path = Netology_IB_Instrument.app; sourceTree = BUILT_PRODUCTS_DIR; };
		00E7D06F27C010E200BB9215 /* AppDelegate.swift */ = {isa = PBXFileReference; lastKnownFileType = sourcecode.swift; path = AppDelegate.swift; sourceTree = "<group>"; };
		00E7D07127C010E200BB9215 /* SceneDelegate.swift */ = {isa = PBXFileReference; lastKnownFileType = sourcecode.swift; path = SceneDelegate.swift; sourceTree = "<group>"; };
		00E7D07327C010E200BB9215 /* ViewController.swift */ = {isa = PBXFileReference; lastKnownFileType = sourcecode.swift; path = ViewController.swift; sourceTree = "<group>"; };
		00E7D07627C010E200BB9215 /* Base */ = {isa = PBXFileReference; lastKnownFileType = file.storyboard; name = Base; path = Base.lproj/Main.storyboard; sourceTree = "<group>"; };
		00E7D07827C010E300BB9215 /* Assets.xcassets */ = {isa = PBXFileReference; lastKnownFileType = folder.assetcatalog; path = Assets.xcassets; sourceTree = "<group>"; };
		00E7D07B27C010E300BB9215 /* Base */ = {isa = PBXFileReference; lastKnownFileType = file.storyboard; name = Base; path = Base.lproj/LaunchScreen.storyboard; sourceTree = "<group>"; };
		00E7D07D27C010E300BB9215 /* Info.plist */ = {isa = PBXFileReference; lastKnownFileType = text.plist.xml; path = Info.plist; sourceTree = "<group>"; };
		00E7D08327C0115400BB9215 /* ProfileView.xib */ = {isa = PBXFileReference; lastKnownFileType = file.xib; path = ProfileView.xib; sourceTree = "<group>"; };
		00E7D08527C0126E00BB9215 /* ProfileView.swift */ = {isa = PBXFileReference; lastKnownFileType = sourcecode.swift; path = ProfileView.swift; sourceTree = "<group>"; };
		00E7D08727C012E100BB9215 /* png-clipart-super-mario-bros-mario-kart-8-toad-mario-bros-game-angle.png */ = {isa = PBXFileReference; lastKnownFileType = image.png; path = "png-clipart-super-mario-bros-mario-kart-8-toad-mario-bros-game-angle.png"; sourceTree = "<group>"; };
		00E7D08927C0130E00BB9215 /* Profile.storyboard */ = {isa = PBXFileReference; lastKnownFileType = file.storyboard; path = Profile.storyboard; sourceTree = "<group>"; };
		00E7D08B27C0132500BB9215 /* ProfileViewController.swift */ = {isa = PBXFileReference; lastKnownFileType = sourcecode.swift; path = ProfileViewController.swift; sourceTree = "<group>"; };
/* End PBXFileReference section */

/* Begin PBXFrameworksBuildPhase section */
		00E7D06927C010E200BB9215 /* Frameworks */ = {
			isa = PBXFrameworksBuildPhase;
			buildActionMask = 2147483647;
			files = (
			);
			runOnlyForDeploymentPostprocessing = 0;
		};
/* End PBXFrameworksBuildPhase section */

/* Begin PBXGroup section */
		00E7D06327C010E200BB9215 = {
			isa = PBXGroup;
			children = (
				00E7D06E27C010E200BB9215 /* Netology_IB_Instrument */,
				00E7D06D27C010E200BB9215 /* Products */,
			);
			sourceTree = "<group>";
		};
		00E7D06D27C010E200BB9215 /* Products */ = {
			isa = PBXGroup;
			children = (
				00E7D06C27C010E200BB9215 /* Netology_IB_Instrument.app */,
			);
			name = Products;
			sourceTree = "<group>";
		};
		00E7D06E27C010E200BB9215 /* Netology_IB_Instrument */ = {
			isa = PBXGroup;
			children = (
				00E7D06F27C010E200BB9215 /* AppDelegate.swift */,
				00E7D07127C010E200BB9215 /* SceneDelegate.swift */,
				00E7D07327C010E200BB9215 /* ViewController.swift */,
				00E7D07527C010E200BB9215 /* Main.storyboard */,
				00E7D07827C010E300BB9215 /* Assets.xcassets */,
				00E7D07A27C010E300BB9215 /* LaunchScreen.storyboard */,
				00E7D07D27C010E300BB9215 /* Info.plist */,
				00E7D08327C0115400BB9215 /* ProfileView.xib */,
				00E7D08527C0126E00BB9215 /* ProfileView.swift */,
				00E7D08727C012E100BB9215 /* png-clipart-super-mario-bros-mario-kart-8-toad-mario-bros-game-angle.png */,
				00E7D08927C0130E00BB9215 /* Profile.storyboard */,
				00E7D08B27C0132500BB9215 /* ProfileViewController.swift */,
			);
			path = Netology_IB_Instrument;
			sourceTree = "<group>";
		};
/* End PBXGroup section */

/* Begin PBXNativeTarget section */
		00E7D06B27C010E200BB9215 /* Netology_IB_Instrument */ = {
			isa = PBXNativeTarget;
			buildConfigurationList = 00E7D08027C010E300BB9215 /* Build configuration list for PBXNativeTarget "Netology_IB_Instrument" */;
			buildPhases = (
				00E7D06827C010E200BB9215 /* Sources */,
				00E7D06927C010E200BB9215 /* Frameworks */,
				00E7D06A27C010E200BB9215 /* Resources */,
			);
			buildRules = (
			);
			dependencies = (
			);
			name = Netology_IB_Instrument;
			productName = Netology_IB_Instrument;
			productReference = 00E7D06C27C010E200BB9215 /* Netology_IB_Instrument.app */;
			productType = "com.apple.product-type.application";
		};
/* End PBXNativeTarget section */

/* Begin PBXProject section */
		00E7D06427C010E200BB9215 /* Project object */ = {
			isa = PBXProject;
			attributes = {
				BuildIndependentTargetsInParallel = 1;
				LastSwiftUpdateCheck = 1320;
				LastUpgradeCheck = 1320;
				TargetAttributes = {
					00E7D06B27C010E200BB9215 = {
						CreatedOnToolsVersion = 13.2.1;
					};
				};
			};
			buildConfigurationList = 00E7D06727C010E200BB9215 /* Build configuration list for PBXProject "Netology_IB_Instrument" */;
			compatibilityVersion = "Xcode 13.0";
			developmentRegion = en;
			hasScannedForEncodings = 0;
			knownRegions = (
				en,
				Base,
			);
			mainGroup = 00E7D06327C010E200BB9215;
			productRefGroup = 00E7D06D27C010E200BB9215 /* Products */;
			projectDirPath = "";
			projectRoot = "";
			targets = (
				00E7D06B27C010E200BB9215 /* Netology_IB_Instrument */,
			);
		};
/* End PBXProject section */

/* Begin PBXResourcesBuildPhase section */
		00E7D06A27C010E200BB9215 /* Resources */ = {
			isa = PBXResourcesBuildPhase;
			buildActionMask = 2147483647;
			files = (
				00E7D08A27C0130E00BB9215 /* Profile.storyboard in Resources */,
				00E7D08427C0115400BB9215 /* ProfileView.xib in Resources */,
				00E7D07C27C010E300BB9215 /* LaunchScreen.storyboard in Resources */,
				00E7D07927C010E300BB9215 /* Assets.xcassets in Resources */,
				00E7D08827C012E100BB9215 /* png-clipart-super-mario-bros-mario-kart-8-toad-mario-bros-game-angle.png in Resources */,
				00E7D07727C010E200BB9215 /* Main.storyboard in Resources */,
			);
			runOnlyForDeploymentPostprocessing = 0;
		};
/* End PBXResourcesBuildPhase section */

/* Begin PBXSourcesBuildPhase section */
		00E7D06827C010E200BB9215 /* Sources */ = {
			isa = PBXSourcesBuildPhase;
			buildActionMask = 2147483647;
			files = (
				00E7D08627C0126E00BB9215 /* ProfileView.swift in Sources */,
				00E7D07427C010E200BB9215 /* ViewController.swift in Sources */,
				00E7D08C27C0132500BB9215 /* ProfileViewController.swift in Sources */,
				00E7D07027C010E200BB9215 /* AppDelegate.swift in Sources */,
				00E7D07227C010E200BB9215 /* SceneDelegate.swift in Sources */,
			);
			runOnlyForDeploymentPostprocessing = 0;
		};
/* End PBXSourcesBuildPhase section */

/* Begin PBXVariantGroup section */
		00E7D07527C010E200BB9215 /* Main.storyboard */ = {
			isa = PBXVariantGroup;
			children = (
				00E7D07627C010E200BB9215 /* Base */,
			);
			name = Main.storyboard;
			sourceTree = "<group>";
		};
		00E7D07A27C010E300BB9215 /* LaunchScreen.storyboard */ = {
			isa = PBXVariantGroup;
			children = (
				00E7D07B27C010E300BB9215 /* Base */,
			);
			name = LaunchScreen.storyboard;
			sourceTree = "<group>";
		};
/* End PBXVariantGroup section */

/* Begin XCBuildConfiguration section */
		00E7D07E27C010E300BB9215 /* Debug */ = {
			isa = XCBuildConfiguration;
			buildSettings = {
				ALWAYS_SEARCH_USER_PATHS = NO;
				CLANG_ANALYZER_NONNULL = YES;
				CLANG_ANALYZER_NUMBER_OBJECT_CONVERSION = YES_AGGRESSIVE;
				CLANG_CXX_LANGUAGE_STANDARD = "gnu++17";
				CLANG_CXX_LIBRARY = "libc++";
				CLANG_ENABLE_MODULES = YES;
				CLANG_ENABLE_OBJC_ARC = YES;
				CLANG_ENABLE_OBJC_WEAK = YES;
				CLANG_WARN_BLOCK_CAPTURE_AUTORELEASING = YES;
				CLANG_WARN_BOOL_CONVERSION = YES;
				CLANG_WARN_COMMA = YES;
				CLANG_WARN_CONSTANT_CONVERSION = YES;
				CLANG_WARN_DEPRECATED_OBJC_IMPLEMENTATIONS = YES;
				CLANG_WARN_DIRECT_OBJC_ISA_USAGE = YES_ERROR;
				CLANG_WARN_DOCUMENTATION_COMMENTS = YES;
				CLANG_WARN_EMPTY_BODY = YES;
				CLANG_WARN_ENUM_CONVERSION = YES;
				CLANG_WARN_INFINITE_RECURSION = YES;
				CLANG_WARN_INT_CONVERSION = YES;
				CLANG_WARN_NON_LITERAL_NULL_CONVERSION = YES;
				CLANG_WARN_OBJC_IMPLICIT_RETAIN_SELF = YES;
				CLANG_WARN_OBJC_LITERAL_CONVERSION = YES;
				CLANG_WARN_OBJC_ROOT_CLASS = YES_ERROR;
				CLANG_WARN_QUOTED_INCLUDE_IN_FRAMEWORK_HEADER = YES;
				CLANG_WARN_RANGE_LOOP_ANALYSIS = YES;
				CLANG_WARN_STRICT_PROTOTYPES = YES;
				CLANG_WARN_SUSPICIOUS_MOVE = YES;
				CLANG_WARN_UNGUARDED_AVAILABILITY = YES_AGGRESSIVE;
				CLANG_WARN_UNREACHABLE_CODE = YES;
				CLANG_WARN__DUPLICATE_METHOD_MATCH = YES;
				COPY_PHASE_STRIP = NO;
				DEBUG_INFORMATION_FORMAT = dwarf;
				ENABLE_STRICT_OBJC_MSGSEND = YES;
				ENABLE_TESTABILITY = YES;
				GCC_C_LANGUAGE_STANDARD = gnu11;
				GCC_DYNAMIC_NO_PIC = NO;
				GCC_NO_COMMON_BLOCKS = YES;
				GCC_OPTIMIZATION_LEVEL = 0;
				GCC_PREPROCESSOR_DEFINITIONS = (
					"DEBUG=1",
					"$(inherited)",
				);
				GCC_WARN_64_TO_32_BIT_CONVERSION = YES;
				GCC_WARN_ABOUT_RETURN_TYPE = YES_ERROR;
				GCC_WARN_UNDECLARED_SELECTOR = YES;
				GCC_WARN_UNINITIALIZED_AUTOS = YES_AGGRESSIVE;
				GCC_WARN_UNUSED_FUNCTION = YES;
				GCC_WARN_UNUSED_VARIABLE = YES;
				IPHONEOS_DEPLOYMENT_TARGET = 15.2;
				MTL_ENABLE_DEBUG_INFO = INCLUDE_SOURCE;
				MTL_FAST_MATH = YES;
				ONLY_ACTIVE_ARCH = YES;
				SDKROOT = iphoneos;
				SWIFT_ACTIVE_COMPILATION_CONDITIONS = DEBUG;
				SWIFT_OPTIMIZATION_LEVEL = "-Onone";
			};
			name = Debug;
		};
		00E7D07F27C010E300BB9215 /* Release */ = {
			isa = XCBuildConfiguration;
			buildSettings = {
				ALWAYS_SEARCH_USER_PATHS = NO;
				CLANG_ANALYZER_NONNULL = YES;
				CLANG_ANALYZER_NUMBER_OBJECT_CONVERSION = YES_AGGRESSIVE;
				CLANG_CXX_LANGUAGE_STANDARD = "gnu++17";
				CLANG_CXX_LIBRARY = "libc++";
				CLANG_ENABLE_MODULES = YES;
				CLANG_ENABLE_OBJC_ARC = YES;
				CLANG_ENABLE_OBJC_WEAK = YES;
				CLANG_WARN_BLOCK_CAPTURE_AUTORELEASING = YES;
				CLANG_WARN_BOOL_CONVERSION = YES;
				CLANG_WARN_COMMA = YES;
				CLANG_WARN_CONSTANT_CONVERSION = YES;
				CLANG_WARN_DEPRECATED_OBJC_IMPLEMENTATIONS = YES;
				CLANG_WARN_DIRECT_OBJC_ISA_USAGE = YES_ERROR;
				CLANG_WARN_DOCUMENTATION_COMMENTS = YES;
				CLANG_WARN_EMPTY_BODY = YES;
				CLANG_WARN_ENUM_CONVERSION = YES;
				CLANG_WARN_INFINITE_RECURSION = YES;
				CLANG_WARN_INT_CONVERSION = YES;
				CLANG_WARN_NON_LITERAL_NULL_CONVERSION = YES;
				CLANG_WARN_OBJC_IMPLICIT_RETAIN_SELF = YES;
				CLANG_WARN_OBJC_LITERAL_CONVERSION = YES;
				CLANG_WARN_OBJC_ROOT_CLASS = YES_ERROR;
				CLANG_WARN_QUOTED_INCLUDE_IN_FRAMEWORK_HEADER = YES;
				CLANG_WARN_RANGE_LOOP_ANALYSIS = YES;
				CLANG_WARN_STRICT_PROTOTYPES = YES;
				CLANG_WARN_SUSPICIOUS_MOVE = YES;
				CLANG_WARN_UNGUARDED_AVAILABILITY = YES_AGGRESSIVE;
				CLANG_WARN_UNREACHABLE_CODE = YES;
				CLANG_WARN__DUPLICATE_METHOD_MATCH = YES;
				COPY_PHASE_STRIP = NO;
				DEBUG_INFORMATION_FORMAT = "dwarf-with-dsym";
				ENABLE_NS_ASSERTIONS = NO;
				ENABLE_STRICT_OBJC_MSGSEND = YES;
				GCC_C_LANGUAGE_STANDARD = gnu11;
				GCC_NO_COMMON_BLOCKS = YES;
				GCC_WARN_64_TO_32_BIT_CONVERSION = YES;
				GCC_WARN_ABOUT_RETURN_TYPE = YES_ERROR;
				GCC_WARN_UNDECLARED_SELECTOR = YES;
				GCC_WARN_UNINITIALIZED_AUTOS = YES_AGGRESSIVE;
				GCC_WARN_UNUSED_FUNCTION = YES;
				GCC_WARN_UNUSED_VARIABLE = YES;
				IPHONEOS_DEPLOYMENT_TARGET = 15.2;
				MTL_ENABLE_DEBUG_INFO = NO;
				MTL_FAST_MATH = YES;
				SDKROOT = iphoneos;
				SWIFT_COMPILATION_MODE = wholemodule;
				SWIFT_OPTIMIZATION_LEVEL = "-O";
				VALIDATE_PRODUCT = YES;
			};
			name = Release;
		};
		00E7D08127C010E300BB9215 /* Debug */ = {
			isa = XCBuildConfiguration;
			buildSettings = {
				ASSETCATALOG_COMPILER_APPICON_NAME = AppIcon;
				ASSETCATALOG_COMPILER_GLOBAL_ACCENT_COLOR_NAME = AccentColor;
				CODE_SIGN_STYLE = Automatic;
				CURRENT_PROJECT_VERSION = 1;
				GENERATE_INFOPLIST_FILE = YES;
				INFOPLIST_FILE = Netology_IB_Instrument/Info.plist;
				INFOPLIST_KEY_UIApplicationSupportsIndirectInputEvents = YES;
				INFOPLIST_KEY_UILaunchStoryboardName = LaunchScreen;
				INFOPLIST_KEY_UIMainStoryboardFile = Profile;
				INFOPLIST_KEY_UISupportedInterfaceOrientations_iPad = "UIInterfaceOrientationPortrait UIInterfaceOrientationPortraitUpsideDown UIInterfaceOrientationLandscapeLeft UIInterfaceOrientationLandscapeRight";
				INFOPLIST_KEY_UISupportedInterfaceOrientations_iPhone = "UIInterfaceOrientationPortrait UIInterfaceOrientationLandscapeLeft UIInterfaceOrientationLandscapeRight";
				LD_RUNPATH_SEARCH_PATHS = (
					"$(inherited)",
					"@executable_path/Frameworks",
				);
				MARKETING_VERSION = 1.0;
				PRODUCT_BUNDLE_IDENTIFIER = "Ilya-Lekhov.Netology-IB-Instrument";
				PRODUCT_NAME = "$(TARGET_NAME)";
				SWIFT_EMIT_LOC_STRINGS = YES;
				SWIFT_VERSION = 5.0;
				TARGETED_DEVICE_FAMILY = "1,2";
			};
			name = Debug;
		};
		00E7D08227C010E300BB9215 /* Release */ = {
			isa = XCBuildConfiguration;
			buildSettings = {
				ASSETCATALOG_COMPILER_APPICON_NAME = AppIcon;
				ASSETCATALOG_COMPILER_GLOBAL_ACCENT_COLOR_NAME = AccentColor;
				CODE_SIGN_STYLE = Automatic;
				CURRENT_PROJECT_VERSION = 1;
				GENERATE_INFOPLIST_FILE = YES;
				INFOPLIST_FILE = Netology_IB_Instrument/Info.plist;
				INFOPLIST_KEY_UIApplicationSupportsIndirectInputEvents = YES;
				INFOPLIST_KEY_UILaunchStoryboardName = LaunchScreen;
				INFOPLIST_KEY_UIMainStoryboardFile = Profile;
				INFOPLIST_KEY_UISupportedInterfaceOrientations_iPad = "UIInterfaceOrientationPortrait UIInterfaceOrientationPortraitUpsideDown UIInterfaceOrientationLandscapeLeft UIInterfaceOrientationLandscapeRight";
				INFOPLIST_KEY_UISupportedInterfaceOrientations_iPhone = "UIInterfaceOrientationPortrait UIInterfaceOrientationLandscapeLeft UIInterfaceOrientationLandscapeRight";
				LD_RUNPATH_SEARCH_PATHS = (
					"$(inherited)",
					"@executable_path/Frameworks",
				);
				MARKETING_VERSION = 1.0;
				PRODUCT_BUNDLE_IDENTIFIER = "Ilya-Lekhov.Netology-IB-Instrument";
				PRODUCT_NAME = "$(TARGET_NAME)";
				SWIFT_EMIT_LOC_STRINGS = YES;
				SWIFT_VERSION = 5.0;
				TARGETED_DEVICE_FAMILY = "1,2";
			};
			name = Release;
		};
/* End XCBuildConfiguration section */

/* Begin XCConfigurationList section */
		00E7D06727C010E200BB9215 /* Build configuration list for PBXProject "Netology_IB_Instrument" */ = {
			isa = XCConfigurationList;
			buildConfigurations = (
				00E7D07E27C010E300BB9215 /* Debug */,
				00E7D07F27C010E300BB9215 /* Release */,
			);
			defaultConfigurationIsVisible = 0;
			defaultConfigurationName = Release;
		};
		00E7D08027C010E300BB9215 /* Build configuration list for PBXNativeTarget "Netology_IB_Instrument" */ = {
			isa = XCConfigurationList;
			buildConfigurations = (
				00E7D08127C010E300BB9215 /* Debug */,
				00E7D08227C010E300BB9215 /* Release */,
			);
			defaultConfigurationIsVisible = 0;
			defaultConfigurationName = Release;
		};
/* End XCConfigurationList section */
	};
	rootObject = 00E7D06427C010E200BB9215 /* Project object */;
}
